
Microsoft Visual Studio Solution File, Format Version 12.00
# Visual Studio Version 17
VisualStudioVersion = 17.1.32421.90
MinimumVisualStudioVersion = 10.0.40219.1
Project("{8BC9CEB8-8B4A-11D0-8D11-00A0C91BC942}") = "Project_MorningLight", "Project_MorningLight\Project_MorningLight.vcxproj", "{BCF2EB9A-4A7D-49A7-93D2-A72A4B8B53EB}"
EndProject
Global
	GlobalSection(SolutionConfigurationPlatforms) = preSolution
		Debug|x64 = Debug|x64
		Debug|x86 = Debug|x86
		Release|x64 = Release|x64
		Release|x86 = Release|x86
	EndGlobalSection
	GlobalSection(ProjectConfigurationPlatforms) = postSolution
		{BCF2EB9A-4A7D-49A7-93D2-A72A4B8B53EB}.Debug|x64.ActiveCfg = Debug|x64
		{BCF2EB9A-4A7D-49A7-93D2-A72A4B8B53EB}.Debug|x64.Build.0 = Debug|x64
		{BCF2EB9A-4A7D-49A7-93D2-A72A4B8B53EB}.Debug|x86.ActiveCfg = Debug|Win32
		{BCF2EB9A-4A7D-49A7-93D2-A72A4B8B53EB}.Debug|x86.Build.0 = Debug|Win32
		{BCF2EB9A-4A7D-49A7-93D2-A72A4B8B53EB}.Release|x64.ActiveCfg = Release|x64
		{BCF2EB9A-4A7D-49A7-93D2-A72A4B8B53EB}.Release|x64.Build.0 = Release|x64
		{BCF2EB9A-4A7D-49A7-93D2-A72A4B8B53EB}.Release|x86.ActiveCfg = Release|Win32
		{BCF2EB9A-4A7D-49A7-93D2-A72A4B8B53EB}.Release|x86.Build.0 = Release|Win32
	EndGlobalSection
	GlobalSection(SolutionProperties) = preSolution
		HideSolutionNode = FALSE
	EndGlobalSection
	GlobalSection(ExtensibilityGlobals) = postSolution
		SolutionGuid = {774CB346-8D7F-41A9-9B85-2190045406E3}
	EndGlobalSection
EndGlobal
